
Microsoft Visual Studio Solution File, Format Version 12.00
# Visual Studio Version 16
VisualStudioVersion = 16.0.30225.117
MinimumVisualStudioVersion = 10.0.40219.1
Project("{FAE04EC0-301F-11D3-BF4B-00C04F79EFBC}") = "Crud Usuario", "Crud Usuario.csproj", "{308563F9-5A28-4106-A4E5-4B1EA3D4A45D}"
EndProject
Global
	GlobalSection(SolutionConfigurationPlatforms) = preSolution
		Debug|Any CPU = Debug|Any CPU
		Release|Any CPU = Release|Any CPU
	EndGlobalSection
	GlobalSection(ProjectConfigurationPlatforms) = postSolution
		{308563F9-5A28-4106-A4E5-4B1EA3D4A45D}.Debug|Any CPU.ActiveCfg = Debug|Any CPU
		{308563F9-5A28-4106-A4E5-4B1EA3D4A45D}.Debug|Any CPU.Build.0 = Debug|Any CPU
		{308563F9-5A28-4106-A4E5-4B1EA3D4A45D}.Release|Any CPU.ActiveCfg = Release|Any CPU
		{308563F9-5A28-4106-A4E5-4B1EA3D4A45D}.Release|Any CPU.Build.0 = Release|Any CPU
	EndGlobalSection
	GlobalSection(SolutionProperties) = preSolution
		HideSolutionNode = FALSE
	EndGlobalSection
	GlobalSection(ExtensibilityGlobals) = postSolution
		SolutionGuid = {9FB49248-0DD4-44E5-B3EA-24F37C038B51}
	EndGlobalSection
EndGlobal
